
Microsoft Visual Studio Solution File, Format Version 12.00
# Visual Studio Version 17
VisualStudioVersion = 17.9.34701.34
MinimumVisualStudioVersion = 10.0.40219.1
Project("{FAE04EC0-301F-11D3-BF4B-00C04F79EFBC}") = "0329hw", "0329hw\0329hw.csproj", "{4EE15CAF-022C-4610-958D-093AD7E1CEA6}"
EndProject
Global
	GlobalSection(SolutionConfigurationPlatforms) = preSolution
		Debug|Any CPU = Debug|Any CPU
		Release|Any CPU = Release|Any CPU
	EndGlobalSection
	GlobalSection(ProjectConfigurationPlatforms) = postSolution
		{4EE15CAF-022C-4610-958D-093AD7E1CEA6}.Debug|Any CPU.ActiveCfg = Debug|Any CPU
		{4EE15CAF-022C-4610-958D-093AD7E1CEA6}.Debug|Any CPU.Build.0 = Debug|Any CPU
		{4EE15CAF-022C-4610-958D-093AD7E1CEA6}.Release|Any CPU.ActiveCfg = Release|Any CPU
		{4EE15CAF-022C-4610-958D-093AD7E1CEA6}.Release|Any CPU.Build.0 = Release|Any CPU
	EndGlobalSection
	GlobalSection(SolutionProperties) = preSolution
		HideSolutionNode = FALSE
	EndGlobalSection
	GlobalSection(ExtensibilityGlobals) = postSolution
		SolutionGuid = {BB3B2609-D38E-4FC0-B881-21555D314FD3}
	EndGlobalSection
EndGlobal
